
Microsoft Visual Studio Solution File, Format Version 12.00
# Visual Studio Version 16
VisualStudioVersion = 16.0.31702.278
MinimumVisualStudioVersion = 10.0.40219.1
Project("{FAE04EC0-301F-11D3-BF4B-00C04F79EFBC}") = "WindowsFormsApp1", "WindowsFormsApp1\WindowsFormsApp1.csproj", "{9563919A-294E-4BBB-AB37-E6B912E20DDC}"
EndProject
Global
	GlobalSection(SolutionConfigurationPlatforms) = preSolution
		Debug|Any CPU = Debug|Any CPU
		Release|Any CPU = Release|Any CPU
	EndGlobalSection
	GlobalSection(ProjectConfigurationPlatforms) = postSolution
		{9563919A-294E-4BBB-AB37-E6B912E20DDC}.Debug|Any CPU.ActiveCfg = Debug|Any CPU
		{9563919A-294E-4BBB-AB37-E6B912E20DDC}.Debug|Any CPU.Build.0 = Debug|Any CPU
		{9563919A-294E-4BBB-AB37-E6B912E20DDC}.Release|Any CPU.ActiveCfg = Release|Any CPU
		{9563919A-294E-4BBB-AB37-E6B912E20DDC}.Release|Any CPU.Build.0 = Release|Any CPU
	EndGlobalSection
	GlobalSection(SolutionProperties) = preSolution
		HideSolutionNode = FALSE
	EndGlobalSection
	GlobalSection(ExtensibilityGlobals) = postSolution
		SolutionGuid = {6853BE56-333D-405E-BC8D-B9A1E4F10412}
	EndGlobalSection
EndGlobal
